// !$*UTF8*$!
{
	archiveVersion = 1;
	classes = {
	};
	objectVersion = 50;
	objects = {

/* Begin PBXBuildFile section */
		535458E428F862790049FBE0 /* AppDelegate.swift in Sources */ = {isa = PBXBuildFile; fileRef = 535458E328F862790049FBE0 /* AppDelegate.swift */; };
		535458E628F862790049FBE0 /* SceneDelegate.swift in Sources */ = {isa = PBXBuildFile; fileRef = 535458E528F862790049FBE0 /* SceneDelegate.swift */; };
		535458E828F862790049FBE0 /* ViewController.swift in Sources */ = {isa = PBXBuildFile; fileRef = 535458E728F862790049FBE0 /* ViewController.swift */; };
		535458EB28F862790049FBE0 /* Main.storyboard in Resources */ = {isa = PBXBuildFile; fileRef = 535458E928F862790049FBE0 /* Main.storyboard */; };
		535458EE28F862790049FBE0 /* ImdbFilmsViewer.xcdatamodeld in Sources */ = {isa = PBXBuildFile; fileRef = 535458EC28F862790049FBE0 /* ImdbFilmsViewer.xcdatamodeld */; };
		535458F028F862830049FBE0 /* Assets.xcassets in Resources */ = {isa = PBXBuildFile; fileRef = 535458EF28F862830049FBE0 /* Assets.xcassets */; };
		535458F328F862830049FBE0 /* LaunchScreen.storyboard in Resources */ = {isa = PBXBuildFile; fileRef = 535458F128F862830049FBE0 /* LaunchScreen.storyboard */; };
		535458FE28F862840049FBE0 /* ImdbFilmsViewerTests.swift in Sources */ = {isa = PBXBuildFile; fileRef = 535458FD28F862840049FBE0 /* ImdbFilmsViewerTests.swift */; };
		5354590928F862840049FBE0 /* ImdbFilmsViewerUITests.swift in Sources */ = {isa = PBXBuildFile; fileRef = 5354590828F862840049FBE0 /* ImdbFilmsViewerUITests.swift */; };
/* End PBXBuildFile section */

/* Begin PBXContainerItemProxy section */
		535458FA28F862840049FBE0 /* PBXContainerItemProxy */ = {
			isa = PBXContainerItemProxy;
			containerPortal = 535458D828F862790049FBE0 /* Project object */;
			proxyType = 1;
			remoteGlobalIDString = 535458DF28F862790049FBE0;
			remoteInfo = ImdbFilmsViewer;
		};
		5354590528F862840049FBE0 /* PBXContainerItemProxy */ = {
			isa = PBXContainerItemProxy;
			containerPortal = 535458D828F862790049FBE0 /* Project object */;
			proxyType = 1;
			remoteGlobalIDString = 535458DF28F862790049FBE0;
			remoteInfo = ImdbFilmsViewer;
		};
/* End PBXContainerItemProxy section */

/* Begin PBXFileReference section */
		535458E028F862790049FBE0 /* ImdbFilmsViewer.app */ = {isa = PBXFileReference; explicitFileType = wrapper.application; includeInIndex = 0; path = ImdbFilmsViewer.app; sourceTree = BUILT_PRODUCTS_DIR; };
		535458E328F862790049FBE0 /* AppDelegate.swift */ = {isa = PBXFileReference; lastKnownFileType = sourcecode.swift; path = AppDelegate.swift; sourceTree = "<group>"; };
		535458E528F862790049FBE0 /* SceneDelegate.swift */ = {isa = PBXFileReference; lastKnownFileType = sourcecode.swift; path = SceneDelegate.swift; sourceTree = "<group>"; };
		535458E728F862790049FBE0 /* ViewController.swift */ = {isa = PBXFileReference; lastKnownFileType = sourcecode.swift; path = ViewController.swift; sourceTree = "<group>"; };
		535458EA28F862790049FBE0 /* Base */ = {isa = PBXFileReference; lastKnownFileType = file.storyboard; name = Base; path = Base.lproj/Main.storyboard; sourceTree = "<group>"; };
		535458ED28F862790049FBE0 /* ImdbFilmsViewer.xcdatamodel */ = {isa = PBXFileReference; lastKnownFileType = wrapper.xcdatamodel; path = ImdbFilmsViewer.xcdatamodel; sourceTree = "<group>"; };
		535458EF28F862830049FBE0 /* Assets.xcassets */ = {isa = PBXFileReference; lastKnownFileType = folder.assetcatalog; path = Assets.xcassets; sourceTree = "<group>"; };
		535458F228F862830049FBE0 /* Base */ = {isa = PBXFileReference; lastKnownFileType = file.storyboard; name = Base; path = Base.lproj/LaunchScreen.storyboard; sourceTree = "<group>"; };
		535458F428F862830049FBE0 /* Info.plist */ = {isa = PBXFileReference; lastKnownFileType = text.plist.xml; path = Info.plist; sourceTree = "<group>"; };
		535458F928F862840049FBE0 /* ImdbFilmsViewerTests.xctest */ = {isa = PBXFileReference; explicitFileType = wrapper.cfbundle; includeInIndex = 0; path = ImdbFilmsViewerTests.xctest; sourceTree = BUILT_PRODUCTS_DIR; };
		535458FD28F862840049FBE0 /* ImdbFilmsViewerTests.swift */ = {isa = PBXFileReference; lastKnownFileType = sourcecode.swift; path = ImdbFilmsViewerTests.swift; sourceTree = "<group>"; };
		535458FF28F862840049FBE0 /* Info.plist */ = {isa = PBXFileReference; lastKnownFileType = text.plist.xml; path = Info.plist; sourceTree = "<group>"; };
		5354590428F862840049FBE0 /* ImdbFilmsViewerUITests.xctest */ = {isa = PBXFileReference; explicitFileType = wrapper.cfbundle; includeInIndex = 0; path = ImdbFilmsViewerUITests.xctest; sourceTree = BUILT_PRODUCTS_DIR; };
		5354590828F862840049FBE0 /* ImdbFilmsViewerUITests.swift */ = {isa = PBXFileReference; lastKnownFileType = sourcecode.swift; path = ImdbFilmsViewerUITests.swift; sourceTree = "<group>"; };
		5354590A28F862840049FBE0 /* Info.plist */ = {isa = PBXFileReference; lastKnownFileType = text.plist.xml; path = Info.plist; sourceTree = "<group>"; };
/* End PBXFileReference section */

/* Begin PBXFrameworksBuildPhase section */
		535458DD28F862790049FBE0 /* Frameworks */ = {
			isa = PBXFrameworksBuildPhase;
			buildActionMask = 2147483647;
			files = (
			);
			runOnlyForDeploymentPostprocessing = 0;
		};
		535458F628F862840049FBE0 /* Frameworks */ = {
			isa = PBXFrameworksBuildPhase;
			buildActionMask = 2147483647;
			files = (
			);
			runOnlyForDeploymentPostprocessing = 0;
		};
		5354590128F862840049FBE0 /* Frameworks */ = {
			isa = PBXFrameworksBuildPhase;
			buildActionMask = 2147483647;
			files = (
			);
			runOnlyForDeploymentPostprocessing = 0;
		};
/* End PBXFrameworksBuildPhase section */

/* Begin PBXGroup section */
		535458D728F862790049FBE0 = {
			isa = PBXGroup;
			children = (
				535458E228F862790049FBE0 /* ImdbFilmsViewer */,
				535458FC28F862840049FBE0 /* ImdbFilmsViewerTests */,
				5354590728F862840049FBE0 /* ImdbFilmsViewerUITests */,
				535458E128F862790049FBE0 /* Products */,
			);
			sourceTree = "<group>";
		};
		535458E128F862790049FBE0 /* Products */ = {
			isa = PBXGroup;
			children = (
				535458E028F862790049FBE0 /* ImdbFilmsViewer.app */,
				535458F928F862840049FBE0 /* ImdbFilmsViewerTests.xctest */,
				5354590428F862840049FBE0 /* ImdbFilmsViewerUITests.xctest */,
			);
			name = Products;
			sourceTree = "<group>";
		};
		535458E228F862790049FBE0 /* ImdbFilmsViewer */ = {
			isa = PBXGroup;
			children = (
				535458E328F862790049FBE0 /* AppDelegate.swift */,
				535458E528F862790049FBE0 /* SceneDelegate.swift */,
				535458E728F862790049FBE0 /* ViewController.swift */,
				535458E928F862790049FBE0 /* Main.storyboard */,
				535458EF28F862830049FBE0 /* Assets.xcassets */,
				535458F128F862830049FBE0 /* LaunchScreen.storyboard */,
				535458F428F862830049FBE0 /* Info.plist */,
				535458EC28F862790049FBE0 /* ImdbFilmsViewer.xcdatamodeld */,
			);
			path = ImdbFilmsViewer;
			sourceTree = "<group>";
		};
		535458FC28F862840049FBE0 /* ImdbFilmsViewerTests */ = {
			isa = PBXGroup;
			children = (
				535458FD28F862840049FBE0 /* ImdbFilmsViewerTests.swift */,
				535458FF28F862840049FBE0 /* Info.plist */,
			);
			path = ImdbFilmsViewerTests;
			sourceTree = "<group>";
		};
		5354590728F862840049FBE0 /* ImdbFilmsViewerUITests */ = {
			isa = PBXGroup;
			children = (
				5354590828F862840049FBE0 /* ImdbFilmsViewerUITests.swift */,
				5354590A28F862840049FBE0 /* Info.plist */,
			);
			path = ImdbFilmsViewerUITests;
			sourceTree = "<group>";
		};
/* End PBXGroup section */

/* Begin PBXNativeTarget section */
		535458DF28F862790049FBE0 /* ImdbFilmsViewer */ = {
			isa = PBXNativeTarget;
			buildConfigurationList = 5354590D28F862840049FBE0 /* Build configuration list for PBXNativeTarget "ImdbFilmsViewer" */;
			buildPhases = (
				535458DC28F862790049FBE0 /* Sources */,
				535458DD28F862790049FBE0 /* Frameworks */,
				535458DE28F862790049FBE0 /* Resources */,
			);
			buildRules = (
			);
			dependencies = (
			);
			name = ImdbFilmsViewer;
			productName = ImdbFilmsViewer;
			productReference = 535458E028F862790049FBE0 /* ImdbFilmsViewer.app */;
			productType = "com.apple.product-type.application";
		};
		535458F828F862840049FBE0 /* ImdbFilmsViewerTests */ = {
			isa = PBXNativeTarget;
			buildConfigurationList = 5354591028F862840049FBE0 /* Build configuration list for PBXNativeTarget "ImdbFilmsViewerTests" */;
			buildPhases = (
				535458F528F862840049FBE0 /* Sources */,
				535458F628F862840049FBE0 /* Frameworks */,
				535458F728F862840049FBE0 /* Resources */,
			);
			buildRules = (
			);
			dependencies = (
				535458FB28F862840049FBE0 /* PBXTargetDependency */,
			);
			name = ImdbFilmsViewerTests;
			productName = ImdbFilmsViewerTests;
			productReference = 535458F928F862840049FBE0 /* ImdbFilmsViewerTests.xctest */;
			productType = "com.apple.product-type.bundle.unit-test";
		};
		5354590328F862840049FBE0 /* ImdbFilmsViewerUITests */ = {
			isa = PBXNativeTarget;
			buildConfigurationList = 5354591328F862840049FBE0 /* Build configuration list for PBXNativeTarget "ImdbFilmsViewerUITests" */;
			buildPhases = (
				5354590028F862840049FBE0 /* Sources */,
				5354590128F862840049FBE0 /* Frameworks */,
				5354590228F862840049FBE0 /* Resources */,
			);
			buildRules = (
			);
			dependencies = (
				5354590628F862840049FBE0 /* PBXTargetDependency */,
			);
			name = ImdbFilmsViewerUITests;
			productName = ImdbFilmsViewerUITests;
			productReference = 5354590428F862840049FBE0 /* ImdbFilmsViewerUITests.xctest */;
			productType = "com.apple.product-type.bundle.ui-testing";
		};
/* End PBXNativeTarget section */

/* Begin PBXProject section */
		535458D828F862790049FBE0 /* Project object */ = {
			isa = PBXProject;
			attributes = {
				LastSwiftUpdateCheck = 1240;
				LastUpgradeCheck = 1240;
				TargetAttributes = {
					535458DF28F862790049FBE0 = {
						CreatedOnToolsVersion = 12.4;
					};
					535458F828F862840049FBE0 = {
						CreatedOnToolsVersion = 12.4;
						TestTargetID = 535458DF28F862790049FBE0;
					};
					5354590328F862840049FBE0 = {
						CreatedOnToolsVersion = 12.4;
						TestTargetID = 535458DF28F862790049FBE0;
					};
				};
			};
			buildConfigurationList = 535458DB28F862790049FBE0 /* Build configuration list for PBXProject "ImdbFilmsViewer" */;
			compatibilityVersion = "Xcode 9.3";
			developmentRegion = en;
			hasScannedForEncodings = 0;
			knownRegions = (
				en,
				Base,
			);
			mainGroup = 535458D728F862790049FBE0;
			productRefGroup = 535458E128F862790049FBE0 /* Products */;
			projectDirPath = "";
			projectRoot = "";
			targets = (
				535458DF28F862790049FBE0 /* ImdbFilmsViewer */,
				535458F828F862840049FBE0 /* ImdbFilmsViewerTests */,
				5354590328F862840049FBE0 /* ImdbFilmsViewerUITests */,
			);
		};
/* End PBXProject section */

/* Begin PBXResourcesBuildPhase section */
		535458DE28F862790049FBE0 /* Resources */ = {
			isa = PBXResourcesBuildPhase;
			buildActionMask = 2147483647;
			files = (
				535458F328F862830049FBE0 /* LaunchScreen.storyboard in Resources */,
				535458F028F862830049FBE0 /* Assets.xcassets in Resources */,
				535458EB28F862790049FBE0 /* Main.storyboard in Resources */,
			);
			runOnlyForDeploymentPostprocessing = 0;
		};
		535458F728F862840049FBE0 /* Resources */ = {
			isa = PBXResourcesBuildPhase;
			buildActionMask = 2147483647;
			files = (
			);
			runOnlyForDeploymentPostprocessing = 0;
		};
		5354590228F862840049FBE0 /* Resources */ = {
			isa = PBXResourcesBuildPhase;
			buildActionMask = 2147483647;
			files = (
			);
			runOnlyForDeploymentPostprocessing = 0;
		};
/* End PBXResourcesBuildPhase section */

/* Begin PBXSourcesBuildPhase section */
		535458DC28F862790049FBE0 /* Sources */ = {
			isa = PBXSourcesBuildPhase;
			buildActionMask = 2147483647;
			files = (
				535458E828F862790049FBE0 /* ViewController.swift in Sources */,
				535458EE28F862790049FBE0 /* ImdbFilmsViewer.xcdatamodeld in Sources */,
				535458E428F862790049FBE0 /* AppDelegate.swift in Sources */,
				535458E628F862790049FBE0 /* SceneDelegate.swift in Sources */,
			);
			runOnlyForDeploymentPostprocessing = 0;
		};
		535458F528F862840049FBE0 /* Sources */ = {
			isa = PBXSourcesBuildPhase;
			buildActionMask = 2147483647;
			files = (
				535458FE28F862840049FBE0 /* ImdbFilmsViewerTests.swift in Sources */,
			);
			runOnlyForDeploymentPostprocessing = 0;
		};
		5354590028F862840049FBE0 /* Sources */ = {
			isa = PBXSourcesBuildPhase;
			buildActionMask = 2147483647;
			files = (
				5354590928F862840049FBE0 /* ImdbFilmsViewerUITests.swift in Sources */,
			);
			runOnlyForDeploymentPostprocessing = 0;
		};
/* End PBXSourcesBuildPhase section */

/* Begin PBXTargetDependency section */
		535458FB28F862840049FBE0 /* PBXTargetDependency */ = {
			isa = PBXTargetDependency;
			target = 535458DF28F862790049FBE0 /* ImdbFilmsViewer */;
			targetProxy = 535458FA28F862840049FBE0 /* PBXContainerItemProxy */;
		};
		5354590628F862840049FBE0 /* PBXTargetDependency */ = {
			isa = PBXTargetDependency;
			target = 535458DF28F862790049FBE0 /* ImdbFilmsViewer */;
			targetProxy = 5354590528F862840049FBE0 /* PBXContainerItemProxy */;
		};
/* End PBXTargetDependency section */

/* Begin PBXVariantGroup section */
		535458E928F862790049FBE0 /* Main.storyboard */ = {
			isa = PBXVariantGroup;
			children = (
				535458EA28F862790049FBE0 /* Base */,
			);
			name = Main.storyboard;
			sourceTree = "<group>";
		};
		535458F128F862830049FBE0 /* LaunchScreen.storyboard */ = {
			isa = PBXVariantGroup;
			children = (
				535458F228F862830049FBE0 /* Base */,
			);
			name = LaunchScreen.storyboard;
			sourceTree = "<group>";
		};
/* End PBXVariantGroup section */

/* Begin XCBuildConfiguration section */
		5354590B28F862840049FBE0 /* Debug */ = {
			isa = XCBuildConfiguration;
			buildSettings = {
				ALWAYS_SEARCH_USER_PATHS = NO;
				CLANG_ANALYZER_NONNULL = YES;
				CLANG_ANALYZER_NUMBER_OBJECT_CONVERSION = YES_AGGRESSIVE;
				CLANG_CXX_LANGUAGE_STANDARD = "gnu++14";
				CLANG_CXX_LIBRARY = "libc++";
				CLANG_ENABLE_MODULES = YES;
				CLANG_ENABLE_OBJC_ARC = YES;
				CLANG_ENABLE_OBJC_WEAK = YES;
				CLANG_WARN_BLOCK_CAPTURE_AUTORELEASING = YES;
				CLANG_WARN_BOOL_CONVERSION = YES;
				CLANG_WARN_COMMA = YES;
				CLANG_WARN_CONSTANT_CONVERSION = YES;
				CLANG_WARN_DEPRECATED_OBJC_IMPLEMENTATIONS = YES;
				CLANG_WARN_DIRECT_OBJC_ISA_USAGE = YES_ERROR;
				CLANG_WARN_DOCUMENTATION_COMMENTS = YES;
				CLANG_WARN_EMPTY_BODY = YES;
				CLANG_WARN_ENUM_CONVERSION = YES;
				CLANG_WARN_INFINITE_RECURSION = YES;
				CLANG_WARN_INT_CONVERSION = YES;
				CLANG_WARN_NON_LITERAL_NULL_CONVERSION = YES;
				CLANG_WARN_OBJC_IMPLICIT_RETAIN_SELF = YES;
				CLANG_WARN_OBJC_LITERAL_CONVERSION = YES;
				CLANG_WARN_OBJC_ROOT_CLASS = YES_ERROR;
				CLANG_WARN_QUOTED_INCLUDE_IN_FRAMEWORK_HEADER = YES;
				CLANG_WARN_RANGE_LOOP_ANALYSIS = YES;
				CLANG_WARN_STRICT_PROTOTYPES = YES;
				CLANG_WARN_SUSPICIOUS_MOVE = YES;
				CLANG_WARN_UNGUARDED_AVAILABILITY = YES_AGGRESSIVE;
				CLANG_WARN_UNREACHABLE_CODE = YES;
				CLANG_WARN__DUPLICATE_METHOD_MATCH = YES;
				COPY_PHASE_STRIP = NO;
				DEBUG_INFORMATION_FORMAT = dwarf;
				ENABLE_STRICT_OBJC_MSGSEND = YES;
				ENABLE_TESTABILITY = YES;
				GCC_C_LANGUAGE_STANDARD = gnu11;
				GCC_DYNAMIC_NO_PIC = NO;
				GCC_NO_COMMON_BLOCKS = YES;
				GCC_OPTIMIZATION_LEVEL = 0;
				GCC_PREPROCESSOR_DEFINITIONS = (
					"DEBUG=1",
					"$(inherited)",
				);
				GCC_WARN_64_TO_32_BIT_CONVERSION = YES;
				GCC_WARN_ABOUT_RETURN_TYPE = YES_ERROR;
				GCC_WARN_UNDECLARED_SELECTOR = YES;
				GCC_WARN_UNINITIALIZED_AUTOS = YES_AGGRESSIVE;
				GCC_WARN_UNUSED_FUNCTION = YES;
				GCC_WARN_UNUSED_VARIABLE = YES;
				IPHONEOS_DEPLOYMENT_TARGET = 14.4;
				MTL_ENABLE_DEBUG_INFO = INCLUDE_SOURCE;
				MTL_FAST_MATH = YES;
				ONLY_ACTIVE_ARCH = YES;
				SDKROOT = iphoneos;
				SWIFT_ACTIVE_COMPILATION_CONDITIONS = DEBUG;
				SWIFT_OPTIMIZATION_LEVEL = "-Onone";
			};
			name = Debug;
		};
		5354590C28F862840049FBE0 /* Release */ = {
			isa = XCBuildConfiguration;
			buildSettings = {
				ALWAYS_SEARCH_USER_PATHS = NO;
				CLANG_ANALYZER_NONNULL = YES;
				CLANG_ANALYZER_NUMBER_OBJECT_CONVERSION = YES_AGGRESSIVE;
				CLANG_CXX_LANGUAGE_STANDARD = "gnu++14";
				CLANG_CXX_LIBRARY = "libc++";
				CLANG_ENABLE_MODULES = YES;
				CLANG_ENABLE_OBJC_ARC = YES;
				CLANG_ENABLE_OBJC_WEAK = YES;
				CLANG_WARN_BLOCK_CAPTURE_AUTORELEASING = YES;
				CLANG_WARN_BOOL_CONVERSION = YES;
				CLANG_WARN_COMMA = YES;
				CLANG_WARN_CONSTANT_CONVERSION = YES;
				CLANG_WARN_DEPRECATED_OBJC_IMPLEMENTATIONS = YES;
				CLANG_WARN_DIRECT_OBJC_ISA_USAGE = YES_ERROR;
				CLANG_WARN_DOCUMENTATION_COMMENTS = YES;
				CLANG_WARN_EMPTY_BODY = YES;
				CLANG_WARN_ENUM_CONVERSION = YES;
				CLANG_WARN_INFINITE_RECURSION = YES;
				CLANG_WARN_INT_CONVERSION = YES;
				CLANG_WARN_NON_LITERAL_NULL_CONVERSION = YES;
				CLANG_WARN_OBJC_IMPLICIT_RETAIN_SELF = YES;
				CLANG_WARN_OBJC_LITERAL_CONVERSION = YES;
				CLANG_WARN_OBJC_ROOT_CLASS = YES_ERROR;
				CLANG_WARN_QUOTED_INCLUDE_IN_FRAMEWORK_HEADER = YES;
				CLANG_WARN_RANGE_LOOP_ANALYSIS = YES;
				CLANG_WARN_STRICT_PROTOTYPES = YES;
				CLANG_WARN_SUSPICIOUS_MOVE = YES;
				CLANG_WARN_UNGUARDED_AVAILABILITY = YES_AGGRESSIVE;
				CLANG_WARN_UNREACHABLE_CODE = YES;
				CLANG_WARN__DUPLICATE_METHOD_MATCH = YES;
				COPY_PHASE_STRIP = NO;
				DEBUG_INFORMATION_FORMAT = "dwarf-with-dsym";
				ENABLE_NS_ASSERTIONS = NO;
				ENABLE_STRICT_OBJC_MSGSEND = YES;
				GCC_C_LANGUAGE_STANDARD = gnu11;
				GCC_NO_COMMON_BLOCKS = YES;
				GCC_WARN_64_TO_32_BIT_CONVERSION = YES;
				GCC_WARN_ABOUT_RETURN_TYPE = YES_ERROR;
				GCC_WARN_UNDECLARED_SELECTOR = YES;
				GCC_WARN_UNINITIALIZED_AUTOS = YES_AGGRESSIVE;
				GCC_WARN_UNUSED_FUNCTION = YES;
				GCC_WARN_UNUSED_VARIABLE = YES;
				IPHONEOS_DEPLOYMENT_TARGET = 14.4;
				MTL_ENABLE_DEBUG_INFO = NO;
				MTL_FAST_MATH = YES;
				SDKROOT = iphoneos;
				SWIFT_COMPILATION_MODE = wholemodule;
				SWIFT_OPTIMIZATION_LEVEL = "-O";
				VALIDATE_PRODUCT = YES;
			};
			name = Release;
		};
		5354590E28F862840049FBE0 /* Debug */ = {
			isa = XCBuildConfiguration;
			buildSettings = {
				ASSETCATALOG_COMPILER_APPICON_NAME = AppIcon;
				ASSETCATALOG_COMPILER_GLOBAL_ACCENT_COLOR_NAME = AccentColor;
				CODE_SIGN_STYLE = Automatic;
				DEVELOPMENT_TEAM = HKZ6SL8ND7;
				INFOPLIST_FILE = ImdbFilmsViewer/Info.plist;
				LD_RUNPATH_SEARCH_PATHS = (
					"$(inherited)",
					"@executable_path/Frameworks",
				);
				PRODUCT_BUNDLE_IDENTIFIER = yourself.ImdbFilmsViewer;
				PRODUCT_NAME = "$(TARGET_NAME)";
				SWIFT_VERSION = 5.0;
				TARGETED_DEVICE_FAMILY = "1,2";
			};
			name = Debug;
		};
		5354590F28F862840049FBE0 /* Release */ = {
			isa = XCBuildConfiguration;
			buildSettings = {
				ASSETCATALOG_COMPILER_APPICON_NAME = AppIcon;
				ASSETCATALOG_COMPILER_GLOBAL_ACCENT_COLOR_NAME = AccentColor;
				CODE_SIGN_STYLE = Automatic;
				DEVELOPMENT_TEAM = HKZ6SL8ND7;
				INFOPLIST_FILE = ImdbFilmsViewer/Info.plist;
				LD_RUNPATH_SEARCH_PATHS = (
					"$(inherited)",
					"@executable_path/Frameworks",
				);
				PRODUCT_BUNDLE_IDENTIFIER = yourself.ImdbFilmsViewer;
				PRODUCT_NAME = "$(TARGET_NAME)";
				SWIFT_VERSION = 5.0;
				TARGETED_DEVICE_FAMILY = "1,2";
			};
			name = Release;
		};
		5354591128F862840049FBE0 /* Debug */ = {
			isa = XCBuildConfiguration;
			buildSettings = {
				ALWAYS_EMBED_SWIFT_STANDARD_LIBRARIES = YES;
				BUNDLE_LOADER = "$(TEST_HOST)";
				CODE_SIGN_STYLE = Automatic;
				DEVELOPMENT_TEAM = HKZ6SL8ND7;
				INFOPLIST_FILE = ImdbFilmsViewerTests/Info.plist;
				IPHONEOS_DEPLOYMENT_TARGET = 14.4;
				LD_RUNPATH_SEARCH_PATHS = (
					"$(inherited)",
					"@executable_path/Frameworks",
					"@loader_path/Frameworks",
				);
				PRODUCT_BUNDLE_IDENTIFIER = yourself.ImdbFilmsViewerTests;
				PRODUCT_NAME = "$(TARGET_NAME)";
				SWIFT_VERSION = 5.0;
				TARGETED_DEVICE_FAMILY = "1,2";
				TEST_HOST = "$(BUILT_PRODUCTS_DIR)/ImdbFilmsViewer.app/ImdbFilmsViewer";
			};
			name = Debug;
		};
		5354591228F862840049FBE0 /* Release */ = {
			isa = XCBuildConfiguration;
			buildSettings = {
				ALWAYS_EMBED_SWIFT_STANDARD_LIBRARIES = YES;
				BUNDLE_LOADER = "$(TEST_HOST)";
				CODE_SIGN_STYLE = Automatic;
				DEVELOPMENT_TEAM = HKZ6SL8ND7;
				INFOPLIST_FILE = ImdbFilmsViewerTests/Info.plist;
				IPHONEOS_DEPLOYMENT_TARGET = 14.4;
				LD_RUNPATH_SEARCH_PATHS = (
					"$(inherited)",
					"@executable_path/Frameworks",
					"@loader_path/Frameworks",
				);
				PRODUCT_BUNDLE_IDENTIFIER = yourself.ImdbFilmsViewerTests;
				PRODUCT_NAME = "$(TARGET_NAME)";
				SWIFT_VERSION = 5.0;
				TARGETED_DEVICE_FAMILY = "1,2";
				TEST_HOST = "$(BUILT_PRODUCTS_DIR)/ImdbFilmsViewer.app/ImdbFilmsViewer";
			};
			name = Release;
		};
		5354591428F862840049FBE0 /* Debug */ = {
			isa = XCBuildConfiguration;
			buildSettings = {
				ALWAYS_EMBED_SWIFT_STANDARD_LIBRARIES = YES;
				CODE_SIGN_STYLE = Automatic;
				DEVELOPMENT_TEAM = HKZ6SL8ND7;
				INFOPLIST_FILE = ImdbFilmsViewerUITests/Info.plist;
				LD_RUNPATH_SEARCH_PATHS = (
					"$(inherited)",
					"@executable_path/Frameworks",
					"@loader_path/Frameworks",
				);
				PRODUCT_BUNDLE_IDENTIFIER = yourself.ImdbFilmsViewerUITests;
				PRODUCT_NAME = "$(TARGET_NAME)";
				SWIFT_VERSION = 5.0;
				TARGETED_DEVICE_FAMILY = "1,2";
				TEST_TARGET_NAME = ImdbFilmsViewer;
			};
			name = Debug;
		};
		5354591528F862840049FBE0 /* Release */ = {
			isa = XCBuildConfiguration;
			buildSettings = {
				ALWAYS_EMBED_SWIFT_STANDARD_LIBRARIES = YES;
				CODE_SIGN_STYLE = Automatic;
				DEVELOPMENT_TEAM = HKZ6SL8ND7;
				INFOPLIST_FILE = ImdbFilmsViewerUITests/Info.plist;
				LD_RUNPATH_SEARCH_PATHS = (
					"$(inherited)",
					"@executable_path/Frameworks",
					"@loader_path/Frameworks",
				);
				PRODUCT_BUNDLE_IDENTIFIER = yourself.ImdbFilmsViewerUITests;
				PRODUCT_NAME = "$(TARGET_NAME)";
				SWIFT_VERSION = 5.0;
				TARGETED_DEVICE_FAMILY = "1,2";
				TEST_TARGET_NAME = ImdbFilmsViewer;
			};
			name = Release;
		};
/* End XCBuildConfiguration section */

/* Begin XCConfigurationList section */
		535458DB28F862790049FBE0 /* Build configuration list for PBXProject "ImdbFilmsViewer" */ = {
			isa = XCConfigurationList;
			buildConfigurations = (
				5354590B28F862840049FBE0 /* Debug */,
				5354590C28F862840049FBE0 /* Release */,
			);
			defaultConfigurationIsVisible = 0;
			defaultConfigurationName = Release;
		};
		5354590D28F862840049FBE0 /* Build configuration list for PBXNativeTarget "ImdbFilmsViewer" */ = {
			isa = XCConfigurationList;
			buildConfigurations = (
				5354590E28F862840049FBE0 /* Debug */,
				5354590F28F862840049FBE0 /* Release */,
			);
			defaultConfigurationIsVisible = 0;
			defaultConfigurationName = Release;
		};
		5354591028F862840049FBE0 /* Build configuration list for PBXNativeTarget "ImdbFilmsViewerTests" */ = {
			isa = XCConfigurationList;
			buildConfigurations = (
				5354591128F862840049FBE0 /* Debug */,
				5354591228F862840049FBE0 /* Release */,
			);
			defaultConfigurationIsVisible = 0;
			defaultConfigurationName = Release;
		};
		5354591328F862840049FBE0 /* Build configuration list for PBXNativeTarget "ImdbFilmsViewerUITests" */ = {
			isa = XCConfigurationList;
			buildConfigurations = (
				5354591428F862840049FBE0 /* Debug */,
				5354591528F862840049FBE0 /* Release */,
			);
			defaultConfigurationIsVisible = 0;
			defaultConfigurationName = Release;
		};
/* End XCConfigurationList section */

/* Begin XCVersionGroup section */
		535458EC28F862790049FBE0 /* ImdbFilmsViewer.xcdatamodeld */ = {
			isa = XCVersionGroup;
			children = (
				535458ED28F862790049FBE0 /* ImdbFilmsViewer.xcdatamodel */,
			);
			currentVersion = 535458ED28F862790049FBE0 /* ImdbFilmsViewer.xcdatamodel */;
			path = ImdbFilmsViewer.xcdatamodeld;
			sourceTree = "<group>";
			versionGroupType = wrapper.xcdatamodel;
		};
/* End XCVersionGroup section */
	};
	rootObject = 535458D828F862790049FBE0 /* Project object */;
}
